
Microsoft Visual Studio Solution File, Format Version 12.00
# Visual Studio 14
VisualStudioVersion = 14.0.25420.1
MinimumVisualStudioVersion = 10.0.40219.1
Project("{FAE04EC0-301F-11D3-BF4B-00C04F79EFBC}") = "P2PNET", "P2PNET\P2PNET.csproj", "{196653E2-638F-4590-82E6-79387F5B2FB9}"
EndProject
Project("{2150E333-8FDC-42A3-9474-1A3956D46DE8}") = "Samples", "Samples", "{AF8CE42B-D862-4FE8-8D10-2BC1985F4224}"
EndProject
Project("{2150E333-8FDC-42A3-9474-1A3956D46DE8}") = "TransportSamples", "TransportSamples", "{5B3B5569-0CC6-4AFA-9AD0-2944912203E2}"
EndProject
Project("{2150E333-8FDC-42A3-9474-1A3956D46DE8}") = "ObjectSamples", "ObjectSamples", "{910C45DF-8B68-4660-B1A7-24FF59B497FA}"
EndProject
Project("{FAE04EC0-301F-11D3-BF4B-00C04F79EFBC}") = "P2PNET.Test", "P2PNET.Test\P2PNET.Test.csproj", "{067456C0-086C-46A8-B37F-1405717B7BFC}"
EndProject
Project("{FAE04EC0-301F-11D3-BF4B-00C04F79EFBC}") = "ObjectSender", "Samples\ObjectSamples\ObjectSender\ObjectSender.csproj", "{DEC94D14-4588-4558-93D2-CA04CFF85799}"
EndProject
Project("{FAE04EC0-301F-11D3-BF4B-00C04F79EFBC}") = "AutoDiscovery", "Samples\TransportSamples\AutoDiscovery\AutoDiscovery.csproj", "{C6FB1278-F3C4-49F3-9838-E449DAB2F4B5}"
EndProject
Project("{FAE04EC0-301F-11D3-BF4B-00C04F79EFBC}") = "BroadcastProgram", "Samples\TransportSamples\MessageProgram\BroadcastProgram.csproj", "{D415DD7F-5517-46CB-898B-95387248F33D}"
EndProject
Project("{FAE04EC0-301F-11D3-BF4B-00C04F79EFBC}") = "MessageSender", "Samples\TransportSamples\MessageSender\MessageSender.csproj", "{6464DA1F-347C-4F10-BA92-E1E441B7AAA7}"
EndProject
Global
	GlobalSection(SolutionConfigurationPlatforms) = preSolution
		Debug|Any CPU = Debug|Any CPU
		Release|Any CPU = Release|Any CPU
	EndGlobalSection
	GlobalSection(ProjectConfigurationPlatforms) = postSolution
		{196653E2-638F-4590-82E6-79387F5B2FB9}.Debug|Any CPU.ActiveCfg = Debug|Any CPU
		{196653E2-638F-4590-82E6-79387F5B2FB9}.Debug|Any CPU.Build.0 = Debug|Any CPU
		{196653E2-638F-4590-82E6-79387F5B2FB9}.Release|Any CPU.ActiveCfg = Release|Any CPU
		{196653E2-638F-4590-82E6-79387F5B2FB9}.Release|Any CPU.Build.0 = Release|Any CPU
		{067456C0-086C-46A8-B37F-1405717B7BFC}.Debug|Any CPU.ActiveCfg = Debug|Any CPU
		{067456C0-086C-46A8-B37F-1405717B7BFC}.Debug|Any CPU.Build.0 = Debug|Any CPU
		{067456C0-086C-46A8-B37F-1405717B7BFC}.Release|Any CPU.ActiveCfg = Release|Any CPU
		{067456C0-086C-46A8-B37F-1405717B7BFC}.Release|Any CPU.Build.0 = Release|Any CPU
		{DEC94D14-4588-4558-93D2-CA04CFF85799}.Debug|Any CPU.ActiveCfg = Debug|Any CPU
		{DEC94D14-4588-4558-93D2-CA04CFF85799}.Debug|Any CPU.Build.0 = Debug|Any CPU
		{DEC94D14-4588-4558-93D2-CA04CFF85799}.Release|Any CPU.ActiveCfg = Release|Any CPU
		{DEC94D14-4588-4558-93D2-CA04CFF85799}.Release|Any CPU.Build.0 = Release|Any CPU
		{C6FB1278-F3C4-49F3-9838-E449DAB2F4B5}.Debug|Any CPU.ActiveCfg = Debug|Any CPU
		{C6FB1278-F3C4-49F3-9838-E449DAB2F4B5}.Debug|Any CPU.Build.0 = Debug|Any CPU
		{C6FB1278-F3C4-49F3-9838-E449DAB2F4B5}.Release|Any CPU.ActiveCfg = Release|Any CPU
		{C6FB1278-F3C4-49F3-9838-E449DAB2F4B5}.Release|Any CPU.Build.0 = Release|Any CPU
		{D415DD7F-5517-46CB-898B-95387248F33D}.Debug|Any CPU.ActiveCfg = Debug|Any CPU
		{D415DD7F-5517-46CB-898B-95387248F33D}.Debug|Any CPU.Build.0 = Debug|Any CPU
		{D415DD7F-5517-46CB-898B-95387248F33D}.Release|Any CPU.ActiveCfg = Release|Any CPU
		{D415DD7F-5517-46CB-898B-95387248F33D}.Release|Any CPU.Build.0 = Release|Any CPU
		{6464DA1F-347C-4F10-BA92-E1E441B7AAA7}.Debug|Any CPU.ActiveCfg = Debug|Any CPU
		{6464DA1F-347C-4F10-BA92-E1E441B7AAA7}.Debug|Any CPU.Build.0 = Debug|Any CPU
		{6464DA1F-347C-4F10-BA92-E1E441B7AAA7}.Release|Any CPU.ActiveCfg = Release|Any CPU
		{6464DA1F-347C-4F10-BA92-E1E441B7AAA7}.Release|Any CPU.Build.0 = Release|Any CPU
	EndGlobalSection
	GlobalSection(SolutionProperties) = preSolution
		HideSolutionNode = FALSE
	EndGlobalSection
	GlobalSection(NestedProjects) = preSolution
		{5B3B5569-0CC6-4AFA-9AD0-2944912203E2} = {AF8CE42B-D862-4FE8-8D10-2BC1985F4224}
		{910C45DF-8B68-4660-B1A7-24FF59B497FA} = {AF8CE42B-D862-4FE8-8D10-2BC1985F4224}
		{DEC94D14-4588-4558-93D2-CA04CFF85799} = {910C45DF-8B68-4660-B1A7-24FF59B497FA}
		{C6FB1278-F3C4-49F3-9838-E449DAB2F4B5} = {5B3B5569-0CC6-4AFA-9AD0-2944912203E2}
		{D415DD7F-5517-46CB-898B-95387248F33D} = {5B3B5569-0CC6-4AFA-9AD0-2944912203E2}
		{6464DA1F-347C-4F10-BA92-E1E441B7AAA7} = {5B3B5569-0CC6-4AFA-9AD0-2944912203E2}
	EndGlobalSection
EndGlobal
