
Microsoft Visual Studio Solution File, Format Version 12.00
# Visual Studio 14
VisualStudioVersion = 14.0.25420.1
MinimumVisualStudioVersion = 10.0.40219.1
Project("{FAE04EC0-301F-11D3-BF4B-00C04F79EFBC}") = "P2PNET", "P2PNET\P2PNET.csproj", "{196653E2-638F-4590-82E6-79387F5B2FB9}"
EndProject
Project("{2150E333-8FDC-42A3-9474-1A3956D46DE8}") = "Samples", "Samples", "{AF8CE42B-D862-4FE8-8D10-2BC1985F4224}"
EndProject
Project("{FAE04EC0-301F-11D3-BF4B-00C04F79EFBC}") = "Test", "Test\Test.csproj", "{1D621566-6326-4298-90CD-9DD0C310ED25}"
EndProject
<<<<<<< HEAD
Project("{FAE04EC0-301F-11D3-BF4B-00C04F79EFBC}") = "WorkPlace", "WorkPlace\WorkPlace.csproj", "{4E881C70-1A76-4BF7-94CB-2C4F98E46EC2}"
EndProject
Project("{FAE04EC0-301F-11D3-BF4B-00C04F79EFBC}") = "P2PNET.Test", "P2PNET.Test\P2PNET.Test.csproj", "{067456C0-086C-46A8-B37F-1405717B7BFC}"
EndProject
=======
>>>>>>> f6a7108dd5a1f36a1526b10c55f86af0851cf074
Global
	GlobalSection(SolutionConfigurationPlatforms) = preSolution
		Debug|Any CPU = Debug|Any CPU
		Release|Any CPU = Release|Any CPU
	EndGlobalSection
	GlobalSection(ProjectConfigurationPlatforms) = postSolution
		{196653E2-638F-4590-82E6-79387F5B2FB9}.Debug|Any CPU.ActiveCfg = Debug|Any CPU
		{196653E2-638F-4590-82E6-79387F5B2FB9}.Debug|Any CPU.Build.0 = Debug|Any CPU
		{196653E2-638F-4590-82E6-79387F5B2FB9}.Release|Any CPU.ActiveCfg = Release|Any CPU
		{196653E2-638F-4590-82E6-79387F5B2FB9}.Release|Any CPU.Build.0 = Release|Any CPU
		{1D621566-6326-4298-90CD-9DD0C310ED25}.Debug|Any CPU.ActiveCfg = Debug|Any CPU
		{1D621566-6326-4298-90CD-9DD0C310ED25}.Debug|Any CPU.Build.0 = Debug|Any CPU
		{1D621566-6326-4298-90CD-9DD0C310ED25}.Release|Any CPU.ActiveCfg = Release|Any CPU
		{1D621566-6326-4298-90CD-9DD0C310ED25}.Release|Any CPU.Build.0 = Release|Any CPU
<<<<<<< HEAD
		{4E881C70-1A76-4BF7-94CB-2C4F98E46EC2}.Debug|Any CPU.ActiveCfg = Debug|Any CPU
		{4E881C70-1A76-4BF7-94CB-2C4F98E46EC2}.Debug|Any CPU.Build.0 = Debug|Any CPU
		{4E881C70-1A76-4BF7-94CB-2C4F98E46EC2}.Release|Any CPU.ActiveCfg = Release|Any CPU
		{4E881C70-1A76-4BF7-94CB-2C4F98E46EC2}.Release|Any CPU.Build.0 = Release|Any CPU
		{067456C0-086C-46A8-B37F-1405717B7BFC}.Debug|Any CPU.ActiveCfg = Debug|Any CPU
		{067456C0-086C-46A8-B37F-1405717B7BFC}.Debug|Any CPU.Build.0 = Debug|Any CPU
		{067456C0-086C-46A8-B37F-1405717B7BFC}.Release|Any CPU.ActiveCfg = Release|Any CPU
		{067456C0-086C-46A8-B37F-1405717B7BFC}.Release|Any CPU.Build.0 = Release|Any CPU
=======
>>>>>>> f6a7108dd5a1f36a1526b10c55f86af0851cf074
	EndGlobalSection
	GlobalSection(SolutionProperties) = preSolution
		HideSolutionNode = FALSE
	EndGlobalSection
	GlobalSection(NestedProjects) = preSolution
		{1D621566-6326-4298-90CD-9DD0C310ED25} = {AF8CE42B-D862-4FE8-8D10-2BC1985F4224}
	EndGlobalSection
EndGlobal
